// !$*UTF8*$!
{
	archiveVersion = 1;
	classes = {
	};
	objectVersion = 56;
	objects = {

/* Begin PBXBuildFile section */
		095C1EE52BC3D185003DD7A0 /* AppDelegate.swift in Sources */ = {isa = PBXBuildFile; fileRef = 095C1EE42BC3D185003DD7A0 /* AppDelegate.swift */; };
		095C1EE72BC3D185003DD7A0 /* SceneDelegate.swift in Sources */ = {isa = PBXBuildFile; fileRef = 095C1EE62BC3D185003DD7A0 /* SceneDelegate.swift */; };
		095C1EE92BC3D185003DD7A0 /* CalculatorVC.swift in Sources */ = {isa = PBXBuildFile; fileRef = 095C1EE82BC3D185003DD7A0 /* CalculatorVC.swift */; };
		095C1EEE2BC3D186003DD7A0 /* Assets.xcassets in Resources */ = {isa = PBXBuildFile; fileRef = 095C1EED2BC3D186003DD7A0 /* Assets.xcassets */; };
		095C1EF12BC3D186003DD7A0 /* Base in Resources */ = {isa = PBXBuildFile; fileRef = 095C1EF02BC3D186003DD7A0 /* Base */; };
		095C1EFC2BC3D186003DD7A0 /* tip_calculatorTests.swift in Sources */ = {isa = PBXBuildFile; fileRef = 095C1EFB2BC3D186003DD7A0 /* tip_calculatorTests.swift */; };
		095C1F062BC3D186003DD7A0 /* tip_calculatorUITests.swift in Sources */ = {isa = PBXBuildFile; fileRef = 095C1F052BC3D186003DD7A0 /* tip_calculatorUITests.swift */; };
		095C1F082BC3D186003DD7A0 /* tip_calculatorUITestsLaunchTests.swift in Sources */ = {isa = PBXBuildFile; fileRef = 095C1F072BC3D186003DD7A0 /* tip_calculatorUITestsLaunchTests.swift */; };
		095C1F192BC3D869003DD7A0 /* CombineCocoa in Frameworks */ = {isa = PBXBuildFile; productRef = 095C1F182BC3D869003DD7A0 /* CombineCocoa */; };
		095C1F1E2BC3D8DD003DD7A0 /* InlineSnapshotTesting in Frameworks */ = {isa = PBXBuildFile; productRef = 095C1F1D2BC3D8DD003DD7A0 /* InlineSnapshotTesting */; };
		095C1F202BC3D8DD003DD7A0 /* SnapshotTesting in Frameworks */ = {isa = PBXBuildFile; productRef = 095C1F1F2BC3D8DD003DD7A0 /* SnapshotTesting */; };
		095C1F222BC3D8F5003DD7A0 /* SnapKit in Frameworks */ = {isa = PBXBuildFile; productRef = 095C1F212BC3D8F5003DD7A0 /* SnapKit */; };
		095C1F242BC3D8F5003DD7A0 /* SnapKit-Dynamic in Frameworks */ = {isa = PBXBuildFile; productRef = 095C1F232BC3D8F5003DD7A0 /* SnapKit-Dynamic */; };
		095C1F262BC3D903003DD7A0 /* CombineCocoa in Frameworks */ = {isa = PBXBuildFile; productRef = 095C1F252BC3D903003DD7A0 /* CombineCocoa */; };
		095C1F282BC3DA13003DD7A0 /* CombineCocoa in Frameworks */ = {isa = PBXBuildFile; productRef = 095C1F272BC3DA13003DD7A0 /* CombineCocoa */; };
		095C1F2B2BC3FE19003DD7A0 /* LogoView.swift in Sources */ = {isa = PBXBuildFile; fileRef = 095C1F2A2BC3FE19003DD7A0 /* LogoView.swift */; };
		095C1F2D2BC40039003DD7A0 /* ResultView.swift in Sources */ = {isa = PBXBuildFile; fileRef = 095C1F2C2BC40039003DD7A0 /* ResultView.swift */; };
		095C1F2F2BC40088003DD7A0 /* BillInputView.swift in Sources */ = {isa = PBXBuildFile; fileRef = 095C1F2E2BC40088003DD7A0 /* BillInputView.swift */; };
		095C1F312BC400C3003DD7A0 /* TipInputView.swift in Sources */ = {isa = PBXBuildFile; fileRef = 095C1F302BC400C3003DD7A0 /* TipInputView.swift */; };
		095C1F332BC400F5003DD7A0 /* SplitInputView.swift in Sources */ = {isa = PBXBuildFile; fileRef = 095C1F322BC400F5003DD7A0 /* SplitInputView.swift */; };
		095C1F362BC42C01003DD7A0 /* ThemeColor.swift in Sources */ = {isa = PBXBuildFile; fileRef = 095C1F352BC42C01003DD7A0 /* ThemeColor.swift */; };
		095C1F382BC42C0F003DD7A0 /* ThemeFont.swift in Sources */ = {isa = PBXBuildFile; fileRef = 095C1F372BC42C0F003DD7A0 /* ThemeFont.swift */; };
		095C1F3B2BC42CD7003DD7A0 /* UIColor+Extension.swift in Sources */ = {isa = PBXBuildFile; fileRef = 095C1F3A2BC42CD7003DD7A0 /* UIColor+Extension.swift */; };
		095C1F3E2BC43E1A003DD7A0 /* LabelFactory.swift in Sources */ = {isa = PBXBuildFile; fileRef = 095C1F3D2BC43E19003DD7A0 /* LabelFactory.swift */; };
		095C1F402BC47839003DD7A0 /* UIView+Extension.swift in Sources */ = {isa = PBXBuildFile; fileRef = 095C1F3F2BC47839003DD7A0 /* UIView+Extension.swift */; };
		095C1F422BC48DD0003DD7A0 /* AmountView.swift in Sources */ = {isa = PBXBuildFile; fileRef = 095C1F412BC48DD0003DD7A0 /* AmountView.swift */; };
/* End PBXBuildFile section */

/* Begin PBXContainerItemProxy section */
		095C1EF82BC3D186003DD7A0 /* PBXContainerItemProxy */ = {
			isa = PBXContainerItemProxy;
			containerPortal = 095C1ED92BC3D185003DD7A0 /* Project object */;
			proxyType = 1;
			remoteGlobalIDString = 095C1EE02BC3D185003DD7A0;
			remoteInfo = "tip-calculator";
		};
		095C1F022BC3D186003DD7A0 /* PBXContainerItemProxy */ = {
			isa = PBXContainerItemProxy;
			containerPortal = 095C1ED92BC3D185003DD7A0 /* Project object */;
			proxyType = 1;
			remoteGlobalIDString = 095C1EE02BC3D185003DD7A0;
			remoteInfo = "tip-calculator";
		};
/* End PBXContainerItemProxy section */

/* Begin PBXFileReference section */
		095C1EE12BC3D185003DD7A0 /* tip-calculator.app */ = {isa = PBXFileReference; explicitFileType = wrapper.application; includeInIndex = 0; path = "tip-calculator.app"; sourceTree = BUILT_PRODUCTS_DIR; };
		095C1EE42BC3D185003DD7A0 /* AppDelegate.swift */ = {isa = PBXFileReference; lastKnownFileType = sourcecode.swift; path = AppDelegate.swift; sourceTree = "<group>"; };
		095C1EE62BC3D185003DD7A0 /* SceneDelegate.swift */ = {isa = PBXFileReference; lastKnownFileType = sourcecode.swift; path = SceneDelegate.swift; sourceTree = "<group>"; };
		095C1EE82BC3D185003DD7A0 /* CalculatorVC.swift */ = {isa = PBXFileReference; lastKnownFileType = sourcecode.swift; path = CalculatorVC.swift; sourceTree = "<group>"; };
		095C1EED2BC3D186003DD7A0 /* Assets.xcassets */ = {isa = PBXFileReference; lastKnownFileType = folder.assetcatalog; path = Assets.xcassets; sourceTree = "<group>"; };
		095C1EF02BC3D186003DD7A0 /* Base */ = {isa = PBXFileReference; lastKnownFileType = file.storyboard; name = Base; path = Base.lproj/LaunchScreen.storyboard; sourceTree = "<group>"; };
		095C1EF22BC3D186003DD7A0 /* Info.plist */ = {isa = PBXFileReference; lastKnownFileType = text.plist.xml; path = Info.plist; sourceTree = "<group>"; };
		095C1EF72BC3D186003DD7A0 /* tip-calculatorTests.xctest */ = {isa = PBXFileReference; explicitFileType = wrapper.cfbundle; includeInIndex = 0; path = "tip-calculatorTests.xctest"; sourceTree = BUILT_PRODUCTS_DIR; };
		095C1EFB2BC3D186003DD7A0 /* tip_calculatorTests.swift */ = {isa = PBXFileReference; lastKnownFileType = sourcecode.swift; path = tip_calculatorTests.swift; sourceTree = "<group>"; };
		095C1F012BC3D186003DD7A0 /* tip-calculatorUITests.xctest */ = {isa = PBXFileReference; explicitFileType = wrapper.cfbundle; includeInIndex = 0; path = "tip-calculatorUITests.xctest"; sourceTree = BUILT_PRODUCTS_DIR; };
		095C1F052BC3D186003DD7A0 /* tip_calculatorUITests.swift */ = {isa = PBXFileReference; lastKnownFileType = sourcecode.swift; path = tip_calculatorUITests.swift; sourceTree = "<group>"; };
		095C1F072BC3D186003DD7A0 /* tip_calculatorUITestsLaunchTests.swift */ = {isa = PBXFileReference; lastKnownFileType = sourcecode.swift; path = tip_calculatorUITestsLaunchTests.swift; sourceTree = "<group>"; };
		095C1F2A2BC3FE19003DD7A0 /* LogoView.swift */ = {isa = PBXFileReference; lastKnownFileType = sourcecode.swift; path = LogoView.swift; sourceTree = "<group>"; };
		095C1F2C2BC40039003DD7A0 /* ResultView.swift */ = {isa = PBXFileReference; lastKnownFileType = sourcecode.swift; path = ResultView.swift; sourceTree = "<group>"; };
		095C1F2E2BC40088003DD7A0 /* BillInputView.swift */ = {isa = PBXFileReference; lastKnownFileType = sourcecode.swift; path = BillInputView.swift; sourceTree = "<group>"; };
		095C1F302BC400C3003DD7A0 /* TipInputView.swift */ = {isa = PBXFileReference; lastKnownFileType = sourcecode.swift; path = TipInputView.swift; sourceTree = "<group>"; };
		095C1F322BC400F5003DD7A0 /* SplitInputView.swift */ = {isa = PBXFileReference; lastKnownFileType = sourcecode.swift; path = SplitInputView.swift; sourceTree = "<group>"; };
		095C1F352BC42C01003DD7A0 /* ThemeColor.swift */ = {isa = PBXFileReference; lastKnownFileType = sourcecode.swift; path = ThemeColor.swift; sourceTree = "<group>"; };
		095C1F372BC42C0F003DD7A0 /* ThemeFont.swift */ = {isa = PBXFileReference; lastKnownFileType = sourcecode.swift; path = ThemeFont.swift; sourceTree = "<group>"; };
		095C1F3A2BC42CD7003DD7A0 /* UIColor+Extension.swift */ = {isa = PBXFileReference; lastKnownFileType = sourcecode.swift; path = "UIColor+Extension.swift"; sourceTree = "<group>"; };
		095C1F3D2BC43E19003DD7A0 /* LabelFactory.swift */ = {isa = PBXFileReference; lastKnownFileType = sourcecode.swift; path = LabelFactory.swift; sourceTree = "<group>"; };
		095C1F3F2BC47839003DD7A0 /* UIView+Extension.swift */ = {isa = PBXFileReference; lastKnownFileType = sourcecode.swift; path = "UIView+Extension.swift"; sourceTree = "<group>"; };
		095C1F412BC48DD0003DD7A0 /* AmountView.swift */ = {isa = PBXFileReference; lastKnownFileType = sourcecode.swift; path = AmountView.swift; sourceTree = "<group>"; };
/* End PBXFileReference section */

/* Begin PBXFrameworksBuildPhase section */
		095C1EDE2BC3D185003DD7A0 /* Frameworks */ = {
			isa = PBXFrameworksBuildPhase;
			buildActionMask = 2147483647;
			files = (
				095C1F222BC3D8F5003DD7A0 /* SnapKit in Frameworks */,
				095C1F262BC3D903003DD7A0 /* CombineCocoa in Frameworks */,
				095C1F242BC3D8F5003DD7A0 /* SnapKit-Dynamic in Frameworks */,
			);
			runOnlyForDeploymentPostprocessing = 0;
		};
		095C1EF42BC3D186003DD7A0 /* Frameworks */ = {
			isa = PBXFrameworksBuildPhase;
			buildActionMask = 2147483647;
			files = (
				095C1F202BC3D8DD003DD7A0 /* SnapshotTesting in Frameworks */,
				095C1F1E2BC3D8DD003DD7A0 /* InlineSnapshotTesting in Frameworks */,
				095C1F192BC3D869003DD7A0 /* CombineCocoa in Frameworks */,
			);
			runOnlyForDeploymentPostprocessing = 0;
		};
		095C1EFE2BC3D186003DD7A0 /* Frameworks */ = {
			isa = PBXFrameworksBuildPhase;
			buildActionMask = 2147483647;
			files = (
				095C1F282BC3DA13003DD7A0 /* CombineCocoa in Frameworks */,
			);
			runOnlyForDeploymentPostprocessing = 0;
		};
/* End PBXFrameworksBuildPhase section */

/* Begin PBXGroup section */
		095C1ED82BC3D185003DD7A0 = {
			isa = PBXGroup;
			children = (
				095C1EE32BC3D185003DD7A0 /* tip-calculator */,
				095C1EFA2BC3D186003DD7A0 /* tip-calculatorTests */,
				095C1F042BC3D186003DD7A0 /* tip-calculatorUITests */,
				095C1EE22BC3D185003DD7A0 /* Products */,
				095C1F172BC3D869003DD7A0 /* Frameworks */,
			);
			sourceTree = "<group>";
		};
		095C1EE22BC3D185003DD7A0 /* Products */ = {
			isa = PBXGroup;
			children = (
				095C1EE12BC3D185003DD7A0 /* tip-calculator.app */,
				095C1EF72BC3D186003DD7A0 /* tip-calculatorTests.xctest */,
				095C1F012BC3D186003DD7A0 /* tip-calculatorUITests.xctest */,
			);
			name = Products;
			sourceTree = "<group>";
		};
		095C1EE32BC3D185003DD7A0 /* tip-calculator */ = {
			isa = PBXGroup;
			children = (
				095C1F3C2BC43E06003DD7A0 /* factory */,
				095C1F392BC42CBD003DD7A0 /* extension */,
				095C1F342BC42BAA003DD7A0 /* config */,
				095C1F292BC3FDF0003DD7A0 /* view */,
				095C1EE42BC3D185003DD7A0 /* AppDelegate.swift */,
				095C1EE62BC3D185003DD7A0 /* SceneDelegate.swift */,
				095C1EE82BC3D185003DD7A0 /* CalculatorVC.swift */,
				095C1EED2BC3D186003DD7A0 /* Assets.xcassets */,
				095C1EEF2BC3D186003DD7A0 /* LaunchScreen.storyboard */,
				095C1EF22BC3D186003DD7A0 /* Info.plist */,
			);
			path = "tip-calculator";
			sourceTree = "<group>";
		};
		095C1EFA2BC3D186003DD7A0 /* tip-calculatorTests */ = {
			isa = PBXGroup;
			children = (
				095C1EFB2BC3D186003DD7A0 /* tip_calculatorTests.swift */,
			);
			path = "tip-calculatorTests";
			sourceTree = "<group>";
		};
		095C1F042BC3D186003DD7A0 /* tip-calculatorUITests */ = {
			isa = PBXGroup;
			children = (
				095C1F052BC3D186003DD7A0 /* tip_calculatorUITests.swift */,
				095C1F072BC3D186003DD7A0 /* tip_calculatorUITestsLaunchTests.swift */,
			);
			path = "tip-calculatorUITests";
			sourceTree = "<group>";
		};
		095C1F172BC3D869003DD7A0 /* Frameworks */ = {
			isa = PBXGroup;
			children = (
			);
			name = Frameworks;
			sourceTree = "<group>";
		};
		095C1F292BC3FDF0003DD7A0 /* view */ = {
			isa = PBXGroup;
			children = (
				095C1F2A2BC3FE19003DD7A0 /* LogoView.swift */,
				095C1F2C2BC40039003DD7A0 /* ResultView.swift */,
				095C1F2E2BC40088003DD7A0 /* BillInputView.swift */,
				095C1F302BC400C3003DD7A0 /* TipInputView.swift */,
				095C1F322BC400F5003DD7A0 /* SplitInputView.swift */,
				095C1F412BC48DD0003DD7A0 /* AmountView.swift */,
			);
			path = view;
			sourceTree = "<group>";
		};
		095C1F342BC42BAA003DD7A0 /* config */ = {
			isa = PBXGroup;
			children = (
				095C1F352BC42C01003DD7A0 /* ThemeColor.swift */,
				095C1F372BC42C0F003DD7A0 /* ThemeFont.swift */,
			);
			path = config;
			sourceTree = "<group>";
		};
		095C1F392BC42CBD003DD7A0 /* extension */ = {
			isa = PBXGroup;
			children = (
				095C1F3A2BC42CD7003DD7A0 /* UIColor+Extension.swift */,
				095C1F3F2BC47839003DD7A0 /* UIView+Extension.swift */,
			);
			path = extension;
			sourceTree = "<group>";
		};
		095C1F3C2BC43E06003DD7A0 /* factory */ = {
			isa = PBXGroup;
			children = (
				095C1F3D2BC43E19003DD7A0 /* LabelFactory.swift */,
			);
			path = factory;
			sourceTree = "<group>";
		};
/* End PBXGroup section */

/* Begin PBXNativeTarget section */
		095C1EE02BC3D185003DD7A0 /* tip-calculator */ = {
			isa = PBXNativeTarget;
			buildConfigurationList = 095C1F0B2BC3D186003DD7A0 /* Build configuration list for PBXNativeTarget "tip-calculator" */;
			buildPhases = (
				095C1EDD2BC3D185003DD7A0 /* Sources */,
				095C1EDE2BC3D185003DD7A0 /* Frameworks */,
				095C1EDF2BC3D185003DD7A0 /* Resources */,
			);
			buildRules = (
			);
			dependencies = (
			);
			name = "tip-calculator";
			packageProductDependencies = (
				095C1F212BC3D8F5003DD7A0 /* SnapKit */,
				095C1F232BC3D8F5003DD7A0 /* SnapKit-Dynamic */,
				095C1F252BC3D903003DD7A0 /* CombineCocoa */,
			);
			productName = "tip-calculator";
			productReference = 095C1EE12BC3D185003DD7A0 /* tip-calculator.app */;
			productType = "com.apple.product-type.application";
		};
		095C1EF62BC3D186003DD7A0 /* tip-calculatorTests */ = {
			isa = PBXNativeTarget;
			buildConfigurationList = 095C1F0E2BC3D186003DD7A0 /* Build configuration list for PBXNativeTarget "tip-calculatorTests" */;
			buildPhases = (
				095C1EF32BC3D186003DD7A0 /* Sources */,
				095C1EF42BC3D186003DD7A0 /* Frameworks */,
				095C1EF52BC3D186003DD7A0 /* Resources */,
			);
			buildRules = (
			);
			dependencies = (
				095C1EF92BC3D186003DD7A0 /* PBXTargetDependency */,
			);
			name = "tip-calculatorTests";
			packageProductDependencies = (
				095C1F182BC3D869003DD7A0 /* CombineCocoa */,
				095C1F1D2BC3D8DD003DD7A0 /* InlineSnapshotTesting */,
				095C1F1F2BC3D8DD003DD7A0 /* SnapshotTesting */,
			);
			productName = "tip-calculatorTests";
			productReference = 095C1EF72BC3D186003DD7A0 /* tip-calculatorTests.xctest */;
			productType = "com.apple.product-type.bundle.unit-test";
		};
		095C1F002BC3D186003DD7A0 /* tip-calculatorUITests */ = {
			isa = PBXNativeTarget;
			buildConfigurationList = 095C1F112BC3D186003DD7A0 /* Build configuration list for PBXNativeTarget "tip-calculatorUITests" */;
			buildPhases = (
				095C1EFD2BC3D186003DD7A0 /* Sources */,
				095C1EFE2BC3D186003DD7A0 /* Frameworks */,
				095C1EFF2BC3D186003DD7A0 /* Resources */,
			);
			buildRules = (
			);
			dependencies = (
				095C1F032BC3D186003DD7A0 /* PBXTargetDependency */,
			);
			name = "tip-calculatorUITests";
			packageProductDependencies = (
				095C1F272BC3DA13003DD7A0 /* CombineCocoa */,
			);
			productName = "tip-calculatorUITests";
			productReference = 095C1F012BC3D186003DD7A0 /* tip-calculatorUITests.xctest */;
			productType = "com.apple.product-type.bundle.ui-testing";
		};
/* End PBXNativeTarget section */

/* Begin PBXProject section */
		095C1ED92BC3D185003DD7A0 /* Project object */ = {
			isa = PBXProject;
			attributes = {
				BuildIndependentTargetsInParallel = 1;
				LastSwiftUpdateCheck = 1530;
				LastUpgradeCheck = 1530;
				TargetAttributes = {
					095C1EE02BC3D185003DD7A0 = {
						CreatedOnToolsVersion = 15.3;
					};
					095C1EF62BC3D186003DD7A0 = {
						CreatedOnToolsVersion = 15.3;
						TestTargetID = 095C1EE02BC3D185003DD7A0;
					};
					095C1F002BC3D186003DD7A0 = {
						CreatedOnToolsVersion = 15.3;
						TestTargetID = 095C1EE02BC3D185003DD7A0;
					};
				};
			};
			buildConfigurationList = 095C1EDC2BC3D185003DD7A0 /* Build configuration list for PBXProject "tip-calculator" */;
			compatibilityVersion = "Xcode 14.0";
			developmentRegion = en;
			hasScannedForEncodings = 0;
			knownRegions = (
				en,
				Base,
			);
			mainGroup = 095C1ED82BC3D185003DD7A0;
			packageReferences = (
				095C1F142BC3D3CF003DD7A0 /* XCRemoteSwiftPackageReference "CombineCocoa" */,
				095C1F152BC3D3E7003DD7A0 /* XCRemoteSwiftPackageReference "SnapKit" */,
				095C1F1C2BC3D8BD003DD7A0 /* XCRemoteSwiftPackageReference "swift-snapshot-testing" */,
			);
			productRefGroup = 095C1EE22BC3D185003DD7A0 /* Products */;
			projectDirPath = "";
			projectRoot = "";
			targets = (
				095C1EE02BC3D185003DD7A0 /* tip-calculator */,
				095C1EF62BC3D186003DD7A0 /* tip-calculatorTests */,
				095C1F002BC3D186003DD7A0 /* tip-calculatorUITests */,
			);
		};
/* End PBXProject section */

/* Begin PBXResourcesBuildPhase section */
		095C1EDF2BC3D185003DD7A0 /* Resources */ = {
			isa = PBXResourcesBuildPhase;
			buildActionMask = 2147483647;
			files = (
				095C1EEE2BC3D186003DD7A0 /* Assets.xcassets in Resources */,
				095C1EF12BC3D186003DD7A0 /* Base in Resources */,
			);
			runOnlyForDeploymentPostprocessing = 0;
		};
		095C1EF52BC3D186003DD7A0 /* Resources */ = {
			isa = PBXResourcesBuildPhase;
			buildActionMask = 2147483647;
			files = (
			);
			runOnlyForDeploymentPostprocessing = 0;
		};
		095C1EFF2BC3D186003DD7A0 /* Resources */ = {
			isa = PBXResourcesBuildPhase;
			buildActionMask = 2147483647;
			files = (
			);
			runOnlyForDeploymentPostprocessing = 0;
		};
/* End PBXResourcesBuildPhase section */

/* Begin PBXSourcesBuildPhase section */
		095C1EDD2BC3D185003DD7A0 /* Sources */ = {
			isa = PBXSourcesBuildPhase;
			buildActionMask = 2147483647;
			files = (
				095C1F422BC48DD0003DD7A0 /* AmountView.swift in Sources */,
				095C1EE92BC3D185003DD7A0 /* CalculatorVC.swift in Sources */,
				095C1F402BC47839003DD7A0 /* UIView+Extension.swift in Sources */,
				095C1F2B2BC3FE19003DD7A0 /* LogoView.swift in Sources */,
				095C1F362BC42C01003DD7A0 /* ThemeColor.swift in Sources */,
				095C1F3B2BC42CD7003DD7A0 /* UIColor+Extension.swift in Sources */,
				095C1F2F2BC40088003DD7A0 /* BillInputView.swift in Sources */,
				095C1F2D2BC40039003DD7A0 /* ResultView.swift in Sources */,
				095C1EE52BC3D185003DD7A0 /* AppDelegate.swift in Sources */,
				095C1F382BC42C0F003DD7A0 /* ThemeFont.swift in Sources */,
				095C1EE72BC3D185003DD7A0 /* SceneDelegate.swift in Sources */,
				095C1F3E2BC43E1A003DD7A0 /* LabelFactory.swift in Sources */,
				095C1F332BC400F5003DD7A0 /* SplitInputView.swift in Sources */,
				095C1F312BC400C3003DD7A0 /* TipInputView.swift in Sources */,
			);
			runOnlyForDeploymentPostprocessing = 0;
		};
		095C1EF32BC3D186003DD7A0 /* Sources */ = {
			isa = PBXSourcesBuildPhase;
			buildActionMask = 2147483647;
			files = (
				095C1EFC2BC3D186003DD7A0 /* tip_calculatorTests.swift in Sources */,
			);
			runOnlyForDeploymentPostprocessing = 0;
		};
		095C1EFD2BC3D186003DD7A0 /* Sources */ = {
			isa = PBXSourcesBuildPhase;
			buildActionMask = 2147483647;
			files = (
				095C1F082BC3D186003DD7A0 /* tip_calculatorUITestsLaunchTests.swift in Sources */,
				095C1F062BC3D186003DD7A0 /* tip_calculatorUITests.swift in Sources */,
			);
			runOnlyForDeploymentPostprocessing = 0;
		};
/* End PBXSourcesBuildPhase section */

/* Begin PBXTargetDependency section */
		095C1EF92BC3D186003DD7A0 /* PBXTargetDependency */ = {
			isa = PBXTargetDependency;
			target = 095C1EE02BC3D185003DD7A0 /* tip-calculator */;
			targetProxy = 095C1EF82BC3D186003DD7A0 /* PBXContainerItemProxy */;
		};
		095C1F032BC3D186003DD7A0 /* PBXTargetDependency */ = {
			isa = PBXTargetDependency;
			target = 095C1EE02BC3D185003DD7A0 /* tip-calculator */;
			targetProxy = 095C1F022BC3D186003DD7A0 /* PBXContainerItemProxy */;
		};
/* End PBXTargetDependency section */

/* Begin PBXVariantGroup section */
		095C1EEF2BC3D186003DD7A0 /* LaunchScreen.storyboard */ = {
			isa = PBXVariantGroup;
			children = (
				095C1EF02BC3D186003DD7A0 /* Base */,
			);
			name = LaunchScreen.storyboard;
			sourceTree = "<group>";
		};
/* End PBXVariantGroup section */

/* Begin XCBuildConfiguration section */
		095C1F092BC3D186003DD7A0 /* Debug */ = {
			isa = XCBuildConfiguration;
			buildSettings = {
				ALWAYS_SEARCH_USER_PATHS = NO;
				ASSETCATALOG_COMPILER_GENERATE_SWIFT_ASSET_SYMBOL_EXTENSIONS = YES;
				CLANG_ANALYZER_NONNULL = YES;
				CLANG_ANALYZER_NUMBER_OBJECT_CONVERSION = YES_AGGRESSIVE;
				CLANG_CXX_LANGUAGE_STANDARD = "gnu++20";
				CLANG_ENABLE_MODULES = YES;
				CLANG_ENABLE_OBJC_ARC = YES;
				CLANG_ENABLE_OBJC_WEAK = YES;
				CLANG_WARN_BLOCK_CAPTURE_AUTORELEASING = YES;
				CLANG_WARN_BOOL_CONVERSION = YES;
				CLANG_WARN_COMMA = YES;
				CLANG_WARN_CONSTANT_CONVERSION = YES;
				CLANG_WARN_DEPRECATED_OBJC_IMPLEMENTATIONS = YES;
				CLANG_WARN_DIRECT_OBJC_ISA_USAGE = YES_ERROR;
				CLANG_WARN_DOCUMENTATION_COMMENTS = YES;
				CLANG_WARN_EMPTY_BODY = YES;
				CLANG_WARN_ENUM_CONVERSION = YES;
				CLANG_WARN_INFINITE_RECURSION = YES;
				CLANG_WARN_INT_CONVERSION = YES;
				CLANG_WARN_NON_LITERAL_NULL_CONVERSION = YES;
				CLANG_WARN_OBJC_IMPLICIT_RETAIN_SELF = YES;
				CLANG_WARN_OBJC_LITERAL_CONVERSION = YES;
				CLANG_WARN_OBJC_ROOT_CLASS = YES_ERROR;
				CLANG_WARN_QUOTED_INCLUDE_IN_FRAMEWORK_HEADER = YES;
				CLANG_WARN_RANGE_LOOP_ANALYSIS = YES;
				CLANG_WARN_STRICT_PROTOTYPES = YES;
				CLANG_WARN_SUSPICIOUS_MOVE = YES;
				CLANG_WARN_UNGUARDED_AVAILABILITY = YES_AGGRESSIVE;
				CLANG_WARN_UNREACHABLE_CODE = YES;
				CLANG_WARN__DUPLICATE_METHOD_MATCH = YES;
				COPY_PHASE_STRIP = NO;
				DEBUG_INFORMATION_FORMAT = dwarf;
				ENABLE_STRICT_OBJC_MSGSEND = YES;
				ENABLE_TESTABILITY = YES;
				ENABLE_USER_SCRIPT_SANDBOXING = YES;
				GCC_C_LANGUAGE_STANDARD = gnu17;
				GCC_DYNAMIC_NO_PIC = NO;
				GCC_NO_COMMON_BLOCKS = YES;
				GCC_OPTIMIZATION_LEVEL = 0;
				GCC_PREPROCESSOR_DEFINITIONS = (
					"DEBUG=1",
					"$(inherited)",
				);
				GCC_WARN_64_TO_32_BIT_CONVERSION = YES;
				GCC_WARN_ABOUT_RETURN_TYPE = YES_ERROR;
				GCC_WARN_UNDECLARED_SELECTOR = YES;
				GCC_WARN_UNINITIALIZED_AUTOS = YES_AGGRESSIVE;
				GCC_WARN_UNUSED_FUNCTION = YES;
				GCC_WARN_UNUSED_VARIABLE = YES;
				IPHONEOS_DEPLOYMENT_TARGET = 17.4;
				LOCALIZATION_PREFERS_STRING_CATALOGS = YES;
				MTL_ENABLE_DEBUG_INFO = INCLUDE_SOURCE;
				MTL_FAST_MATH = YES;
				ONLY_ACTIVE_ARCH = YES;
				SDKROOT = iphoneos;
				SWIFT_ACTIVE_COMPILATION_CONDITIONS = "DEBUG $(inherited)";
				SWIFT_OPTIMIZATION_LEVEL = "-Onone";
			};
			name = Debug;
		};
		095C1F0A2BC3D186003DD7A0 /* Release */ = {
			isa = XCBuildConfiguration;
			buildSettings = {
				ALWAYS_SEARCH_USER_PATHS = NO;
				ASSETCATALOG_COMPILER_GENERATE_SWIFT_ASSET_SYMBOL_EXTENSIONS = YES;
				CLANG_ANALYZER_NONNULL = YES;
				CLANG_ANALYZER_NUMBER_OBJECT_CONVERSION = YES_AGGRESSIVE;
				CLANG_CXX_LANGUAGE_STANDARD = "gnu++20";
				CLANG_ENABLE_MODULES = YES;
				CLANG_ENABLE_OBJC_ARC = YES;
				CLANG_ENABLE_OBJC_WEAK = YES;
				CLANG_WARN_BLOCK_CAPTURE_AUTORELEASING = YES;
				CLANG_WARN_BOOL_CONVERSION = YES;
				CLANG_WARN_COMMA = YES;
				CLANG_WARN_CONSTANT_CONVERSION = YES;
				CLANG_WARN_DEPRECATED_OBJC_IMPLEMENTATIONS = YES;
				CLANG_WARN_DIRECT_OBJC_ISA_USAGE = YES_ERROR;
				CLANG_WARN_DOCUMENTATION_COMMENTS = YES;
				CLANG_WARN_EMPTY_BODY = YES;
				CLANG_WARN_ENUM_CONVERSION = YES;
				CLANG_WARN_INFINITE_RECURSION = YES;
				CLANG_WARN_INT_CONVERSION = YES;
				CLANG_WARN_NON_LITERAL_NULL_CONVERSION = YES;
				CLANG_WARN_OBJC_IMPLICIT_RETAIN_SELF = YES;
				CLANG_WARN_OBJC_LITERAL_CONVERSION = YES;
				CLANG_WARN_OBJC_ROOT_CLASS = YES_ERROR;
				CLANG_WARN_QUOTED_INCLUDE_IN_FRAMEWORK_HEADER = YES;
				CLANG_WARN_RANGE_LOOP_ANALYSIS = YES;
				CLANG_WARN_STRICT_PROTOTYPES = YES;
				CLANG_WARN_SUSPICIOUS_MOVE = YES;
				CLANG_WARN_UNGUARDED_AVAILABILITY = YES_AGGRESSIVE;
				CLANG_WARN_UNREACHABLE_CODE = YES;
				CLANG_WARN__DUPLICATE_METHOD_MATCH = YES;
				COPY_PHASE_STRIP = NO;
				DEBUG_INFORMATION_FORMAT = "dwarf-with-dsym";
				ENABLE_NS_ASSERTIONS = NO;
				ENABLE_STRICT_OBJC_MSGSEND = YES;
				ENABLE_USER_SCRIPT_SANDBOXING = YES;
				GCC_C_LANGUAGE_STANDARD = gnu17;
				GCC_NO_COMMON_BLOCKS = YES;
				GCC_WARN_64_TO_32_BIT_CONVERSION = YES;
				GCC_WARN_ABOUT_RETURN_TYPE = YES_ERROR;
				GCC_WARN_UNDECLARED_SELECTOR = YES;
				GCC_WARN_UNINITIALIZED_AUTOS = YES_AGGRESSIVE;
				GCC_WARN_UNUSED_FUNCTION = YES;
				GCC_WARN_UNUSED_VARIABLE = YES;
				IPHONEOS_DEPLOYMENT_TARGET = 17.4;
				LOCALIZATION_PREFERS_STRING_CATALOGS = YES;
				MTL_ENABLE_DEBUG_INFO = NO;
				MTL_FAST_MATH = YES;
				SDKROOT = iphoneos;
				SWIFT_COMPILATION_MODE = wholemodule;
				VALIDATE_PRODUCT = YES;
			};
			name = Release;
		};
		095C1F0C2BC3D186003DD7A0 /* Debug */ = {
			isa = XCBuildConfiguration;
			buildSettings = {
				ASSETCATALOG_COMPILER_APPICON_NAME = AppIcon;
				ASSETCATALOG_COMPILER_GLOBAL_ACCENT_COLOR_NAME = AccentColor;
				CODE_SIGN_STYLE = Automatic;
				CURRENT_PROJECT_VERSION = 1;
				DEVELOPMENT_TEAM = 37H5DH3ZLK;
				GENERATE_INFOPLIST_FILE = YES;
				INFOPLIST_FILE = "tip-calculator/Info.plist";
				INFOPLIST_KEY_UIApplicationSupportsIndirectInputEvents = YES;
				INFOPLIST_KEY_UILaunchStoryboardName = LaunchScreen;
				INFOPLIST_KEY_UISupportedInterfaceOrientations_iPad = "UIInterfaceOrientationPortrait UIInterfaceOrientationPortraitUpsideDown UIInterfaceOrientationLandscapeLeft UIInterfaceOrientationLandscapeRight";
				INFOPLIST_KEY_UISupportedInterfaceOrientations_iPhone = "UIInterfaceOrientationPortrait UIInterfaceOrientationLandscapeLeft UIInterfaceOrientationLandscapeRight";
				LD_RUNPATH_SEARCH_PATHS = (
					"$(inherited)",
					"@executable_path/Frameworks",
				);
				MARKETING_VERSION = 1.0;
				PRODUCT_BUNDLE_IDENTIFIER = "de.jessica-ernst.tip-calculator";
				PRODUCT_NAME = "$(TARGET_NAME)";
				SWIFT_EMIT_LOC_STRINGS = YES;
				SWIFT_VERSION = 5.0;
				TARGETED_DEVICE_FAMILY = "1,2";
			};
			name = Debug;
		};
		095C1F0D2BC3D186003DD7A0 /* Release */ = {
			isa = XCBuildConfiguration;
			buildSettings = {
				ASSETCATALOG_COMPILER_APPICON_NAME = AppIcon;
				ASSETCATALOG_COMPILER_GLOBAL_ACCENT_COLOR_NAME = AccentColor;
				CODE_SIGN_STYLE = Automatic;
				CURRENT_PROJECT_VERSION = 1;
				DEVELOPMENT_TEAM = 37H5DH3ZLK;
				GENERATE_INFOPLIST_FILE = YES;
				INFOPLIST_FILE = "tip-calculator/Info.plist";
				INFOPLIST_KEY_UIApplicationSupportsIndirectInputEvents = YES;
				INFOPLIST_KEY_UILaunchStoryboardName = LaunchScreen;
				INFOPLIST_KEY_UISupportedInterfaceOrientations_iPad = "UIInterfaceOrientationPortrait UIInterfaceOrientationPortraitUpsideDown UIInterfaceOrientationLandscapeLeft UIInterfaceOrientationLandscapeRight";
				INFOPLIST_KEY_UISupportedInterfaceOrientations_iPhone = "UIInterfaceOrientationPortrait UIInterfaceOrientationLandscapeLeft UIInterfaceOrientationLandscapeRight";
				LD_RUNPATH_SEARCH_PATHS = (
					"$(inherited)",
					"@executable_path/Frameworks",
				);
				MARKETING_VERSION = 1.0;
				PRODUCT_BUNDLE_IDENTIFIER = "de.jessica-ernst.tip-calculator";
				PRODUCT_NAME = "$(TARGET_NAME)";
				SWIFT_EMIT_LOC_STRINGS = YES;
				SWIFT_VERSION = 5.0;
				TARGETED_DEVICE_FAMILY = "1,2";
			};
			name = Release;
		};
		095C1F0F2BC3D186003DD7A0 /* Debug */ = {
			isa = XCBuildConfiguration;
			buildSettings = {
				ALWAYS_EMBED_SWIFT_STANDARD_LIBRARIES = YES;
				BUNDLE_LOADER = "$(TEST_HOST)";
				CODE_SIGN_STYLE = Automatic;
				CURRENT_PROJECT_VERSION = 1;
				DEVELOPMENT_TEAM = 37H5DH3ZLK;
				GENERATE_INFOPLIST_FILE = YES;
				IPHONEOS_DEPLOYMENT_TARGET = 17.4;
				MARKETING_VERSION = 1.0;
				PRODUCT_BUNDLE_IDENTIFIER = "de.jessica-ernst.tip-calculatorTests";
				PRODUCT_NAME = "$(TARGET_NAME)";
				SWIFT_EMIT_LOC_STRINGS = NO;
				SWIFT_VERSION = 5.0;
				TARGETED_DEVICE_FAMILY = "1,2";
				TEST_HOST = "$(BUILT_PRODUCTS_DIR)/tip-calculator.app/$(BUNDLE_EXECUTABLE_FOLDER_PATH)/tip-calculator";
			};
			name = Debug;
		};
		095C1F102BC3D186003DD7A0 /* Release */ = {
			isa = XCBuildConfiguration;
			buildSettings = {
				ALWAYS_EMBED_SWIFT_STANDARD_LIBRARIES = YES;
				BUNDLE_LOADER = "$(TEST_HOST)";
				CODE_SIGN_STYLE = Automatic;
				CURRENT_PROJECT_VERSION = 1;
				DEVELOPMENT_TEAM = 37H5DH3ZLK;
				GENERATE_INFOPLIST_FILE = YES;
				IPHONEOS_DEPLOYMENT_TARGET = 17.4;
				MARKETING_VERSION = 1.0;
				PRODUCT_BUNDLE_IDENTIFIER = "de.jessica-ernst.tip-calculatorTests";
				PRODUCT_NAME = "$(TARGET_NAME)";
				SWIFT_EMIT_LOC_STRINGS = NO;
				SWIFT_VERSION = 5.0;
				TARGETED_DEVICE_FAMILY = "1,2";
				TEST_HOST = "$(BUILT_PRODUCTS_DIR)/tip-calculator.app/$(BUNDLE_EXECUTABLE_FOLDER_PATH)/tip-calculator";
			};
			name = Release;
		};
		095C1F122BC3D186003DD7A0 /* Debug */ = {
			isa = XCBuildConfiguration;
			buildSettings = {
				ALWAYS_EMBED_SWIFT_STANDARD_LIBRARIES = YES;
				CODE_SIGN_STYLE = Automatic;
				CURRENT_PROJECT_VERSION = 1;
				DEVELOPMENT_TEAM = 37H5DH3ZLK;
				GENERATE_INFOPLIST_FILE = YES;
				MARKETING_VERSION = 1.0;
				PRODUCT_BUNDLE_IDENTIFIER = "de.jessica-ernst.tip-calculatorUITests";
				PRODUCT_NAME = "$(TARGET_NAME)";
				SWIFT_EMIT_LOC_STRINGS = NO;
				SWIFT_VERSION = 5.0;
				TARGETED_DEVICE_FAMILY = "1,2";
				TEST_TARGET_NAME = "tip-calculator";
			};
			name = Debug;
		};
		095C1F132BC3D186003DD7A0 /* Release */ = {
			isa = XCBuildConfiguration;
			buildSettings = {
				ALWAYS_EMBED_SWIFT_STANDARD_LIBRARIES = YES;
				CODE_SIGN_STYLE = Automatic;
				CURRENT_PROJECT_VERSION = 1;
				DEVELOPMENT_TEAM = 37H5DH3ZLK;
				GENERATE_INFOPLIST_FILE = YES;
				MARKETING_VERSION = 1.0;
				PRODUCT_BUNDLE_IDENTIFIER = "de.jessica-ernst.tip-calculatorUITests";
				PRODUCT_NAME = "$(TARGET_NAME)";
				SWIFT_EMIT_LOC_STRINGS = NO;
				SWIFT_VERSION = 5.0;
				TARGETED_DEVICE_FAMILY = "1,2";
				TEST_TARGET_NAME = "tip-calculator";
			};
			name = Release;
		};
/* End XCBuildConfiguration section */

/* Begin XCConfigurationList section */
		095C1EDC2BC3D185003DD7A0 /* Build configuration list for PBXProject "tip-calculator" */ = {
			isa = XCConfigurationList;
			buildConfigurations = (
				095C1F092BC3D186003DD7A0 /* Debug */,
				095C1F0A2BC3D186003DD7A0 /* Release */,
			);
			defaultConfigurationIsVisible = 0;
			defaultConfigurationName = Release;
		};
		095C1F0B2BC3D186003DD7A0 /* Build configuration list for PBXNativeTarget "tip-calculator" */ = {
			isa = XCConfigurationList;
			buildConfigurations = (
				095C1F0C2BC3D186003DD7A0 /* Debug */,
				095C1F0D2BC3D186003DD7A0 /* Release */,
			);
			defaultConfigurationIsVisible = 0;
			defaultConfigurationName = Release;
		};
		095C1F0E2BC3D186003DD7A0 /* Build configuration list for PBXNativeTarget "tip-calculatorTests" */ = {
			isa = XCConfigurationList;
			buildConfigurations = (
				095C1F0F2BC3D186003DD7A0 /* Debug */,
				095C1F102BC3D186003DD7A0 /* Release */,
			);
			defaultConfigurationIsVisible = 0;
			defaultConfigurationName = Release;
		};
		095C1F112BC3D186003DD7A0 /* Build configuration list for PBXNativeTarget "tip-calculatorUITests" */ = {
			isa = XCConfigurationList;
			buildConfigurations = (
				095C1F122BC3D186003DD7A0 /* Debug */,
				095C1F132BC3D186003DD7A0 /* Release */,
			);
			defaultConfigurationIsVisible = 0;
			defaultConfigurationName = Release;
		};
/* End XCConfigurationList section */

/* Begin XCRemoteSwiftPackageReference section */
		095C1F142BC3D3CF003DD7A0 /* XCRemoteSwiftPackageReference "CombineCocoa" */ = {
			isa = XCRemoteSwiftPackageReference;
			repositoryURL = "https://github.com/CombineCommunity/CombineCocoa";
			requirement = {
				kind = upToNextMajorVersion;
				minimumVersion = 0.4.1;
			};
		};
		095C1F152BC3D3E7003DD7A0 /* XCRemoteSwiftPackageReference "SnapKit" */ = {
			isa = XCRemoteSwiftPackageReference;
			repositoryURL = "https://github.com/SnapKit/SnapKit";
			requirement = {
				kind = upToNextMajorVersion;
				minimumVersion = 5.7.1;
			};
		};
		095C1F1C2BC3D8BD003DD7A0 /* XCRemoteSwiftPackageReference "swift-snapshot-testing" */ = {
			isa = XCRemoteSwiftPackageReference;
			repositoryURL = "https://github.com/pointfreeco/swift-snapshot-testing";
			requirement = {
				kind = upToNextMajorVersion;
				minimumVersion = 1.16.0;
			};
		};
/* End XCRemoteSwiftPackageReference section */

/* Begin XCSwiftPackageProductDependency section */
		095C1F182BC3D869003DD7A0 /* CombineCocoa */ = {
			isa = XCSwiftPackageProductDependency;
			package = 095C1F142BC3D3CF003DD7A0 /* XCRemoteSwiftPackageReference "CombineCocoa" */;
			productName = CombineCocoa;
		};
		095C1F1D2BC3D8DD003DD7A0 /* InlineSnapshotTesting */ = {
			isa = XCSwiftPackageProductDependency;
			package = 095C1F1C2BC3D8BD003DD7A0 /* XCRemoteSwiftPackageReference "swift-snapshot-testing" */;
			productName = InlineSnapshotTesting;
		};
		095C1F1F2BC3D8DD003DD7A0 /* SnapshotTesting */ = {
			isa = XCSwiftPackageProductDependency;
			package = 095C1F1C2BC3D8BD003DD7A0 /* XCRemoteSwiftPackageReference "swift-snapshot-testing" */;
			productName = SnapshotTesting;
		};
		095C1F212BC3D8F5003DD7A0 /* SnapKit */ = {
			isa = XCSwiftPackageProductDependency;
			package = 095C1F152BC3D3E7003DD7A0 /* XCRemoteSwiftPackageReference "SnapKit" */;
			productName = SnapKit;
		};
		095C1F232BC3D8F5003DD7A0 /* SnapKit-Dynamic */ = {
			isa = XCSwiftPackageProductDependency;
			package = 095C1F152BC3D3E7003DD7A0 /* XCRemoteSwiftPackageReference "SnapKit" */;
			productName = "SnapKit-Dynamic";
		};
		095C1F252BC3D903003DD7A0 /* CombineCocoa */ = {
			isa = XCSwiftPackageProductDependency;
			package = 095C1F142BC3D3CF003DD7A0 /* XCRemoteSwiftPackageReference "CombineCocoa" */;
			productName = CombineCocoa;
		};
		095C1F272BC3DA13003DD7A0 /* CombineCocoa */ = {
			isa = XCSwiftPackageProductDependency;
			package = 095C1F142BC3D3CF003DD7A0 /* XCRemoteSwiftPackageReference "CombineCocoa" */;
			productName = CombineCocoa;
		};
/* End XCSwiftPackageProductDependency section */
	};
	rootObject = 095C1ED92BC3D185003DD7A0 /* Project object */;
}
